
Microsoft Visual Studio Solution File, Format Version 12.00
# Visual Studio Version 17
VisualStudioVersion = 17.5.33103.201
MinimumVisualStudioVersion = 10.0.40219.1
Project("{2150E333-8FDC-42A3-9474-1A3956D46DE8}") = "Tools", "Tools", "{014912E9-6C99-4DD6-B4A2-729F581E90FD}"
EndProject
Project("{2150E333-8FDC-42A3-9474-1A3956D46DE8}") = "Web", "Web", "{4B63B8E2-4B00-4088-8153-1BBDF036A78A}"
EndProject
Project("{FAE04EC0-301F-11D3-BF4B-00C04F79EFBC}") = "Dotnetools", "Tools\Dotnetools\Dotnetools.csproj", "{E73AAA80-ABD6-4314-A37A-404F35DE83DC}"
EndProject
Global
	GlobalSection(SolutionConfigurationPlatforms) = preSolution
		Debug|Any CPU = Debug|Any CPU
		Release|Any CPU = Release|Any CPU
	EndGlobalSection
	GlobalSection(ProjectConfigurationPlatforms) = postSolution
		{E73AAA80-ABD6-4314-A37A-404F35DE83DC}.Debug|Any CPU.ActiveCfg = Debug|Any CPU
		{E73AAA80-ABD6-4314-A37A-404F35DE83DC}.Debug|Any CPU.Build.0 = Debug|Any CPU
		{E73AAA80-ABD6-4314-A37A-404F35DE83DC}.Release|Any CPU.ActiveCfg = Release|Any CPU
		{E73AAA80-ABD6-4314-A37A-404F35DE83DC}.Release|Any CPU.Build.0 = Release|Any CPU
	EndGlobalSection
	GlobalSection(SolutionProperties) = preSolution
		HideSolutionNode = FALSE
	EndGlobalSection
	GlobalSection(NestedProjects) = preSolution
		{E73AAA80-ABD6-4314-A37A-404F35DE83DC} = {014912E9-6C99-4DD6-B4A2-729F581E90FD}
	EndGlobalSection
	GlobalSection(ExtensibilityGlobals) = postSolution
		SolutionGuid = {73B5B087-59FD-4BEE-994A-DD68BF0D702A}
	EndGlobalSection
EndGlobal
